
Microsoft Visual Studio Solution File, Format Version 12.00
# Visual Studio Version 17
VisualStudioVersion = 17.9.34616.47
MinimumVisualStudioVersion = 10.0.40219.1
Project("{9A19103F-16F7-4668-BE54-9A1E7A4F7556}") = "TrainingAPI", "TrainingAPI\TrainingAPI.csproj", "{20CC9AD7-19E3-49A3-A674-A8A68B533E19}"
EndProject
Project("{9A19103F-16F7-4668-BE54-9A1E7A4F7556}") = "TrainingAPI_minima", "TrainingAPI_minima\TrainingAPI_minima.csproj", "{86074F1F-735D-4AD3-9F83-934F86B2F6C4}"
EndProject
Project("{9A19103F-16F7-4668-BE54-9A1E7A4F7556}") = "TrainingRazor", "TrainingRazor\TrainingRazor.csproj", "{31D09F08-B22C-4062-B6BA-4AE6575CB9A4}"
	ProjectSection(ProjectDependencies) = postProject
		{20CC9AD7-19E3-49A3-A674-A8A68B533E19} = {20CC9AD7-19E3-49A3-A674-A8A68B533E19}
	EndProjectSection
EndProject
Project("{9A19103F-16F7-4668-BE54-9A1E7A4F7556}") = "TrainingExercise", "TrainingExercise\TrainingExercise.csproj", "{0B173596-303F-4D7B-AA66-BA663467890E}"
EndProject
Global
	GlobalSection(SolutionConfigurationPlatforms) = preSolution
		Debug|Any CPU = Debug|Any CPU
		Release|Any CPU = Release|Any CPU
	EndGlobalSection
	GlobalSection(ProjectConfigurationPlatforms) = postSolution
		{20CC9AD7-19E3-49A3-A674-A8A68B533E19}.Debug|Any CPU.ActiveCfg = Debug|Any CPU
		{20CC9AD7-19E3-49A3-A674-A8A68B533E19}.Debug|Any CPU.Build.0 = Debug|Any CPU
		{20CC9AD7-19E3-49A3-A674-A8A68B533E19}.Release|Any CPU.ActiveCfg = Release|Any CPU
		{20CC9AD7-19E3-49A3-A674-A8A68B533E19}.Release|Any CPU.Build.0 = Release|Any CPU
		{86074F1F-735D-4AD3-9F83-934F86B2F6C4}.Debug|Any CPU.ActiveCfg = Debug|Any CPU
		{86074F1F-735D-4AD3-9F83-934F86B2F6C4}.Debug|Any CPU.Build.0 = Debug|Any CPU
		{86074F1F-735D-4AD3-9F83-934F86B2F6C4}.Release|Any CPU.ActiveCfg = Release|Any CPU
		{86074F1F-735D-4AD3-9F83-934F86B2F6C4}.Release|Any CPU.Build.0 = Release|Any CPU
		{31D09F08-B22C-4062-B6BA-4AE6575CB9A4}.Debug|Any CPU.ActiveCfg = Debug|Any CPU
		{31D09F08-B22C-4062-B6BA-4AE6575CB9A4}.Debug|Any CPU.Build.0 = Debug|Any CPU
		{31D09F08-B22C-4062-B6BA-4AE6575CB9A4}.Release|Any CPU.ActiveCfg = Release|Any CPU
		{31D09F08-B22C-4062-B6BA-4AE6575CB9A4}.Release|Any CPU.Build.0 = Release|Any CPU
		{0B173596-303F-4D7B-AA66-BA663467890E}.Debug|Any CPU.ActiveCfg = Debug|Any CPU
		{0B173596-303F-4D7B-AA66-BA663467890E}.Debug|Any CPU.Build.0 = Debug|Any CPU
		{0B173596-303F-4D7B-AA66-BA663467890E}.Release|Any CPU.ActiveCfg = Release|Any CPU
		{0B173596-303F-4D7B-AA66-BA663467890E}.Release|Any CPU.Build.0 = Release|Any CPU
	EndGlobalSection
	GlobalSection(SolutionProperties) = preSolution
		HideSolutionNode = FALSE
	EndGlobalSection
	GlobalSection(ExtensibilityGlobals) = postSolution
		SolutionGuid = {CB247FAF-23E4-483A-A9C3-30EDDC0D2746}
	EndGlobalSection
EndGlobal
